
Microsoft Visual Studio Solution File, Format Version 12.00
# Visual Studio 15
VisualStudioVersion = 15.0.28010.2016
MinimumVisualStudioVersion = 10.0.40219.1
Project("{FAE04EC0-301F-11D3-BF4B-00C04F79EFBC}") = "puntaje_de_tenis", "puntaje_de_tenis\puntaje_de_tenis.csproj", "{540B1B8A-C9FB-4708-A95C-D271FDC5D123}"
EndProject
Global
	GlobalSection(SolutionConfigurationPlatforms) = preSolution
		Debug|Any CPU = Debug|Any CPU
		Release|Any CPU = Release|Any CPU
	EndGlobalSection
	GlobalSection(ProjectConfigurationPlatforms) = postSolution
		{540B1B8A-C9FB-4708-A95C-D271FDC5D123}.Debug|Any CPU.ActiveCfg = Debug|Any CPU
		{540B1B8A-C9FB-4708-A95C-D271FDC5D123}.Debug|Any CPU.Build.0 = Debug|Any CPU
		{540B1B8A-C9FB-4708-A95C-D271FDC5D123}.Release|Any CPU.ActiveCfg = Release|Any CPU
		{540B1B8A-C9FB-4708-A95C-D271FDC5D123}.Release|Any CPU.Build.0 = Release|Any CPU
	EndGlobalSection
	GlobalSection(SolutionProperties) = preSolution
		HideSolutionNode = FALSE
	EndGlobalSection
	GlobalSection(ExtensibilityGlobals) = postSolution
		SolutionGuid = {D31A53F3-122B-44B8-9C6E-943348ABCCE1}
	EndGlobalSection
EndGlobal
